
Microsoft Visual Studio Solution File, Format Version 12.00
# Visual Studio Version 17
VisualStudioVersion = 17.3.32929.385
MinimumVisualStudioVersion = 10.0.40219.1
Project("{FAE04EC0-301F-11D3-BF4B-00C04F79EFBC}") = "HelloApp", "HelloApp.csproj", "{4B520BF1-D2B5-46E6-A529-B0D5B9C115EF}"
EndProject
Global
	GlobalSection(SolutionConfigurationPlatforms) = preSolution
		Debug|Any CPU = Debug|Any CPU
		Release|Any CPU = Release|Any CPU
	EndGlobalSection
	GlobalSection(ProjectConfigurationPlatforms) = postSolution
		{4B520BF1-D2B5-46E6-A529-B0D5B9C115EF}.Debug|Any CPU.ActiveCfg = Debug|Any CPU
		{4B520BF1-D2B5-46E6-A529-B0D5B9C115EF}.Debug|Any CPU.Build.0 = Debug|Any CPU
		{4B520BF1-D2B5-46E6-A529-B0D5B9C115EF}.Release|Any CPU.ActiveCfg = Release|Any CPU
		{4B520BF1-D2B5-46E6-A529-B0D5B9C115EF}.Release|Any CPU.Build.0 = Release|Any CPU
	EndGlobalSection
	GlobalSection(SolutionProperties) = preSolution
		HideSolutionNode = FALSE
	EndGlobalSection
	GlobalSection(ExtensibilityGlobals) = postSolution
		SolutionGuid = {5E5591BE-C884-42FC-9E8D-57CFFDFF80AA}
	EndGlobalSection
EndGlobal
